
Microsoft Visual Studio Solution File, Format Version 12.00
# Visual Studio Version 17
VisualStudioVersion = 17.11.35327.3
MinimumVisualStudioVersion = 10.0.40219.1
Project("{FAE04EC0-301F-11D3-BF4B-00C04F79EFBC}") = "10 Laboratory Exercise 1", "10 Laboratory Exercise 1\10 Laboratory Exercise 1.csproj", "{BE63E989-6108-4497-B750-B4EA786553BC}"
EndProject
Global
	GlobalSection(SolutionConfigurationPlatforms) = preSolution
		Debug|Any CPU = Debug|Any CPU
		Release|Any CPU = Release|Any CPU
	EndGlobalSection
	GlobalSection(ProjectConfigurationPlatforms) = postSolution
		{BE63E989-6108-4497-B750-B4EA786553BC}.Debug|Any CPU.ActiveCfg = Debug|Any CPU
		{BE63E989-6108-4497-B750-B4EA786553BC}.Debug|Any CPU.Build.0 = Debug|Any CPU
		{BE63E989-6108-4497-B750-B4EA786553BC}.Release|Any CPU.ActiveCfg = Release|Any CPU
		{BE63E989-6108-4497-B750-B4EA786553BC}.Release|Any CPU.Build.0 = Release|Any CPU
	EndGlobalSection
	GlobalSection(SolutionProperties) = preSolution
		HideSolutionNode = FALSE
	EndGlobalSection
	GlobalSection(ExtensibilityGlobals) = postSolution
		SolutionGuid = {323024A5-EEDE-4FC9-9C1E-05F6C248666E}
	EndGlobalSection
EndGlobal
